
Microsoft Visual Studio Solution File, Format Version 12.00
# Visual Studio Version 17
VisualStudioVersion = 17.7.34003.232
MinimumVisualStudioVersion = 10.0.40219.1
Project("{8BC9CEB8-8B4A-11D0-8D11-00A0C91BC942}") = "06_Static", "06_Static\06_Static.vcxproj", "{572DA101-D3B0-4079-93A8-36AAC8BC84FA}"
EndProject
Project("{8BC9CEB8-8B4A-11D0-8D11-00A0C91BC942}") = "06_Task", "06_Task\06_Task.vcxproj", "{4F9249C3-3C8A-43FF-9DD5-F6C9549FB18D}"
EndProject
Project("{8BC9CEB8-8B4A-11D0-8D11-00A0C91BC942}") = "07_OperatorsOverloading", "07_OperatorsOverloading\07_OperatorsOverloading.vcxproj", "{1390FAE3-190A-405F-9E7A-BF8169ABCA6F}"
EndProject
Project("{8BC9CEB8-8B4A-11D0-8D11-00A0C91BC942}") = "08_Fraction", "08_Fraction\08_Fraction.vcxproj", "{5D51E741-E973-4ADD-8290-C37D63D751A0}"
EndProject
Project("{8BC9CEB8-8B4A-11D0-8D11-00A0C91BC942}") = "03_Vector", "03_Vector\03_Vector.vcxproj", "{F9E032AA-4FAB-4273-89A6-64526DEDEDC1}"
EndProject
Project("{8BC9CEB8-8B4A-11D0-8D11-00A0C91BC942}") = "09_String", "09_String\09_String.vcxproj", "{4F8BD505-DA56-4F9C-A8B7-81ED228CB89A}"
EndProject
Project("{8BC9CEB8-8B4A-11D0-8D11-00A0C91BC942}") = "10_TemplateFunctions", "10_TemplateFunctions\10_TemplateFunctions.vcxproj", "{17F28E23-DBF0-449A-AE0C-2517FF5E51CA}"
EndProject
Project("{8BC9CEB8-8B4A-11D0-8D11-00A0C91BC942}") = "11_TemplateClasses", "11_TemplateClasses\11_TemplateClasses.vcxproj", "{60724A1F-1129-4E48-BBE9-7D8A24DA2060}"
EndProject
Project("{8BC9CEB8-8B4A-11D0-8D11-00A0C91BC942}") = "12_TemplateVector", "12_TemplateVector\12_TemplateVector.vcxproj", "{1937FC90-39A4-43CE-BEC0-A44876835145}"
EndProject
Project("{8BC9CEB8-8B4A-11D0-8D11-00A0C91BC942}") = "13_TemplaateTask", "13_TemplaateTask\13_TemplaateTask.vcxproj", "{F4B185F0-B6F2-441D-B2AB-114F1346B59A}"
EndProject
Project("{8BC9CEB8-8B4A-11D0-8D11-00A0C91BC942}") = "14_String", "14_String\14_String.vcxproj", "{CA942BC9-DEF1-4B25-8E3D-16D7A783B603}"
EndProject
Project("{8BC9CEB8-8B4A-11D0-8D11-00A0C91BC942}") = "15_SingelLinkedList", "15_SingelLinkedList\15_SingelLinkedList.vcxproj", "{0BDAC0F7-A89B-4F95-98AF-41F2CFE036CC}"
EndProject
Project("{8BC9CEB8-8B4A-11D0-8D11-00A0C91BC942}") = "16_DoubleLinkedList", "16_DoubleLinkedList\16_DoubleLinkedList.vcxproj", "{747FE7FB-422F-4EF9-9498-C5F3D04AC3BE}"
EndProject
Project("{8BC9CEB8-8B4A-11D0-8D11-00A0C91BC942}") = "17_Stack", "17_Stack\17_Stack.vcxproj", "{23383434-1288-48F8-B136-63E651071B32}"
EndProject
Project("{8BC9CEB8-8B4A-11D0-8D11-00A0C91BC942}") = "18_TemplateStack", "18_TemplateStack\18_TemplateStack.vcxproj", "{0197AF80-F63D-4984-8FCD-B53967635124}"
EndProject
Project("{8BC9CEB8-8B4A-11D0-8D11-00A0C91BC942}") = "19_Queue", "19_Queue\19_Queue.vcxproj", "{514054C0-20F8-4258-A9DA-6012D23EA18D}"
EndProject
Project("{8BC9CEB8-8B4A-11D0-8D11-00A0C91BC942}") = "20_RingQueue", "20_RingQueue\20_RingQueue.vcxproj", "{0F8FDA13-3FD7-4B2C-887F-CE3D352C4A49}"
EndProject
Project("{8BC9CEB8-8B4A-11D0-8D11-00A0C91BC942}") = "21_Casino", "21_Casino\21_Casino.vcxproj", "{6C3ED60D-5E68-43CD-B39B-AC597368D42E}"
EndProject
Project("{8BC9CEB8-8B4A-11D0-8D11-00A0C91BC942}") = "22_PriorityQueue", "22_PriorityQueue\22_PriorityQueue.vcxproj", "{2001A59F-978C-4E5C-A2BD-11FA0A9776EE}"
EndProject
Project("{8BC9CEB8-8B4A-11D0-8D11-00A0C91BC942}") = "23_TemplatePriorityQueue", "23_TemplatePriorityQueue\23_TemplatePriorityQueue.vcxproj", "{82C2D226-1468-4589-8ACF-7DB83524B4FD}"
EndProject
Project("{8BC9CEB8-8B4A-11D0-8D11-00A0C91BC942}") = "24_PrinterQueue", "24_PrinterQueue\24_PrinterQueue.vcxproj", "{507590BC-1AC7-48FD-B8EA-2B8365B5B79E}"
EndProject
Project("{8BC9CEB8-8B4A-11D0-8D11-00A0C91BC942}") = "25_BinaryTree", "25_BinaryTree\25_BinaryTree.vcxproj", "{D3F80755-F6BD-4C63-8269-CEB84C446B71}"
EndProject
Project("{8BC9CEB8-8B4A-11D0-8D11-00A0C91BC942}") = "26_BinaryTreeTask", "26_BinaryTreeTask\26_BinaryTreeTask.vcxproj", "{E32FACC9-D4A5-4059-AAB8-3FBA914BCBBB}"
EndProject
Project("{8BC9CEB8-8B4A-11D0-8D11-00A0C91BC942}") = "38_STL", "38_STL\38_STL.vcxproj", "{4975D593-3A1C-4502-8127-24650C8B1777}"
EndProject
Project("{8BC9CEB8-8B4A-11D0-8D11-00A0C91BC942}") = "39_STLList", "39_STLList\39_STLList.vcxproj", "{CE0248AD-236F-475A-9C43-F91D53C1F3FC}"
EndProject
Project("{8BC9CEB8-8B4A-11D0-8D11-00A0C91BC942}") = "40_STLTask", "40_STLtask\40_STLtask.vcxproj", "{475F9850-41F6-452F-B0E9-8C5B914BCF31}"
EndProject
Project("{8BC9CEB8-8B4A-11D0-8D11-00A0C91BC942}") = "41_Map", "41_Map\41_Map.vcxproj", "{6664C0F7-3DD4-4B97-97F4-456C6D28D17C}"
EndProject
Project("{8BC9CEB8-8B4A-11D0-8D11-00A0C91BC942}") = "42_STLStack", "42_STLStack\42_STLStack.vcxproj", "{1ED3CBC8-783C-432F-B791-8A751C44B556}"
EndProject
Project("{8BC9CEB8-8B4A-11D0-8D11-00A0C91BC942}") = "43_STLQueue", "43_STLQueue\43_STLQueue.vcxproj", "{F3DA1B31-B4BA-46F4-9582-FD1EB1D00A51}"
EndProject
Project("{8BC9CEB8-8B4A-11D0-8D11-00A0C91BC942}") = "44_Functional", "44_Functional\44_Functional.vcxproj", "{20C53FC4-0C6B-4414-986D-4A7838446FB5}"
EndProject
Project("{8BC9CEB8-8B4A-11D0-8D11-00A0C91BC942}") = "45_Task", "45_Task\45_Task.vcxproj", "{B093BAF0-3402-44FC-B29B-96436C3F6BFA}"
EndProject
Global
	GlobalSection(SolutionConfigurationPlatforms) = preSolution
		Debug|x64 = Debug|x64
		Debug|x86 = Debug|x86
		Release|x64 = Release|x64
		Release|x86 = Release|x86
	EndGlobalSection
	GlobalSection(ProjectConfigurationPlatforms) = postSolution
		{572DA101-D3B0-4079-93A8-36AAC8BC84FA}.Debug|x64.ActiveCfg = Debug|x64
		{572DA101-D3B0-4079-93A8-36AAC8BC84FA}.Debug|x64.Build.0 = Debug|x64
		{572DA101-D3B0-4079-93A8-36AAC8BC84FA}.Debug|x86.ActiveCfg = Debug|Win32
		{572DA101-D3B0-4079-93A8-36AAC8BC84FA}.Debug|x86.Build.0 = Debug|Win32
		{572DA101-D3B0-4079-93A8-36AAC8BC84FA}.Release|x64.ActiveCfg = Release|x64
		{572DA101-D3B0-4079-93A8-36AAC8BC84FA}.Release|x64.Build.0 = Release|x64
		{572DA101-D3B0-4079-93A8-36AAC8BC84FA}.Release|x86.ActiveCfg = Release|Win32
		{572DA101-D3B0-4079-93A8-36AAC8BC84FA}.Release|x86.Build.0 = Release|Win32
		{4F9249C3-3C8A-43FF-9DD5-F6C9549FB18D}.Debug|x64.ActiveCfg = Debug|x64
		{4F9249C3-3C8A-43FF-9DD5-F6C9549FB18D}.Debug|x64.Build.0 = Debug|x64
		{4F9249C3-3C8A-43FF-9DD5-F6C9549FB18D}.Debug|x86.ActiveCfg = Debug|Win32
		{4F9249C3-3C8A-43FF-9DD5-F6C9549FB18D}.Debug|x86.Build.0 = Debug|Win32
		{4F9249C3-3C8A-43FF-9DD5-F6C9549FB18D}.Release|x64.ActiveCfg = Release|x64
		{4F9249C3-3C8A-43FF-9DD5-F6C9549FB18D}.Release|x64.Build.0 = Release|x64
		{4F9249C3-3C8A-43FF-9DD5-F6C9549FB18D}.Release|x86.ActiveCfg = Release|Win32
		{4F9249C3-3C8A-43FF-9DD5-F6C9549FB18D}.Release|x86.Build.0 = Release|Win32
		{1390FAE3-190A-405F-9E7A-BF8169ABCA6F}.Debug|x64.ActiveCfg = Debug|x64
		{1390FAE3-190A-405F-9E7A-BF8169ABCA6F}.Debug|x64.Build.0 = Debug|x64
		{1390FAE3-190A-405F-9E7A-BF8169ABCA6F}.Debug|x86.ActiveCfg = Debug|Win32
		{1390FAE3-190A-405F-9E7A-BF8169ABCA6F}.Debug|x86.Build.0 = Debug|Win32
		{1390FAE3-190A-405F-9E7A-BF8169ABCA6F}.Release|x64.ActiveCfg = Release|x64
		{1390FAE3-190A-405F-9E7A-BF8169ABCA6F}.Release|x64.Build.0 = Release|x64
		{1390FAE3-190A-405F-9E7A-BF8169ABCA6F}.Release|x86.ActiveCfg = Release|Win32
		{1390FAE3-190A-405F-9E7A-BF8169ABCA6F}.Release|x86.Build.0 = Release|Win32
		{5D51E741-E973-4ADD-8290-C37D63D751A0}.Debug|x64.ActiveCfg = Debug|x64
		{5D51E741-E973-4ADD-8290-C37D63D751A0}.Debug|x64.Build.0 = Debug|x64
		{5D51E741-E973-4ADD-8290-C37D63D751A0}.Debug|x86.ActiveCfg = Debug|Win32
		{5D51E741-E973-4ADD-8290-C37D63D751A0}.Debug|x86.Build.0 = Debug|Win32
		{5D51E741-E973-4ADD-8290-C37D63D751A0}.Release|x64.ActiveCfg = Release|x64
		{5D51E741-E973-4ADD-8290-C37D63D751A0}.Release|x64.Build.0 = Release|x64
		{5D51E741-E973-4ADD-8290-C37D63D751A0}.Release|x86.ActiveCfg = Release|Win32
		{5D51E741-E973-4ADD-8290-C37D63D751A0}.Release|x86.Build.0 = Release|Win32
		{F9E032AA-4FAB-4273-89A6-64526DEDEDC1}.Debug|x64.ActiveCfg = Debug|x64
		{F9E032AA-4FAB-4273-89A6-64526DEDEDC1}.Debug|x64.Build.0 = Debug|x64
		{F9E032AA-4FAB-4273-89A6-64526DEDEDC1}.Debug|x86.ActiveCfg = Debug|Win32
		{F9E032AA-4FAB-4273-89A6-64526DEDEDC1}.Debug|x86.Build.0 = Debug|Win32
		{F9E032AA-4FAB-4273-89A6-64526DEDEDC1}.Release|x64.ActiveCfg = Release|x64
		{F9E032AA-4FAB-4273-89A6-64526DEDEDC1}.Release|x64.Build.0 = Release|x64
		{F9E032AA-4FAB-4273-89A6-64526DEDEDC1}.Release|x86.ActiveCfg = Release|Win32
		{F9E032AA-4FAB-4273-89A6-64526DEDEDC1}.Release|x86.Build.0 = Release|Win32
		{4F8BD505-DA56-4F9C-A8B7-81ED228CB89A}.Debug|x64.ActiveCfg = Debug|x64
		{4F8BD505-DA56-4F9C-A8B7-81ED228CB89A}.Debug|x64.Build.0 = Debug|x64
		{4F8BD505-DA56-4F9C-A8B7-81ED228CB89A}.Debug|x86.ActiveCfg = Debug|Win32
		{4F8BD505-DA56-4F9C-A8B7-81ED228CB89A}.Debug|x86.Build.0 = Debug|Win32
		{4F8BD505-DA56-4F9C-A8B7-81ED228CB89A}.Release|x64.ActiveCfg = Release|x64
		{4F8BD505-DA56-4F9C-A8B7-81ED228CB89A}.Release|x64.Build.0 = Release|x64
		{4F8BD505-DA56-4F9C-A8B7-81ED228CB89A}.Release|x86.ActiveCfg = Release|Win32
		{4F8BD505-DA56-4F9C-A8B7-81ED228CB89A}.Release|x86.Build.0 = Release|Win32
		{17F28E23-DBF0-449A-AE0C-2517FF5E51CA}.Debug|x64.ActiveCfg = Debug|x64
		{17F28E23-DBF0-449A-AE0C-2517FF5E51CA}.Debug|x64.Build.0 = Debug|x64
		{17F28E23-DBF0-449A-AE0C-2517FF5E51CA}.Debug|x86.ActiveCfg = Debug|Win32
		{17F28E23-DBF0-449A-AE0C-2517FF5E51CA}.Debug|x86.Build.0 = Debug|Win32
		{17F28E23-DBF0-449A-AE0C-2517FF5E51CA}.Release|x64.ActiveCfg = Release|x64
		{17F28E23-DBF0-449A-AE0C-2517FF5E51CA}.Release|x64.Build.0 = Release|x64
		{17F28E23-DBF0-449A-AE0C-2517FF5E51CA}.Release|x86.ActiveCfg = Release|Win32
		{17F28E23-DBF0-449A-AE0C-2517FF5E51CA}.Release|x86.Build.0 = Release|Win32
		{60724A1F-1129-4E48-BBE9-7D8A24DA2060}.Debug|x64.ActiveCfg = Debug|x64
		{60724A1F-1129-4E48-BBE9-7D8A24DA2060}.Debug|x64.Build.0 = Debug|x64
		{60724A1F-1129-4E48-BBE9-7D8A24DA2060}.Debug|x86.ActiveCfg = Debug|Win32
		{60724A1F-1129-4E48-BBE9-7D8A24DA2060}.Debug|x86.Build.0 = Debug|Win32
		{60724A1F-1129-4E48-BBE9-7D8A24DA2060}.Release|x64.ActiveCfg = Release|x64
		{60724A1F-1129-4E48-BBE9-7D8A24DA2060}.Release|x64.Build.0 = Release|x64
		{60724A1F-1129-4E48-BBE9-7D8A24DA2060}.Release|x86.ActiveCfg = Release|Win32
		{60724A1F-1129-4E48-BBE9-7D8A24DA2060}.Release|x86.Build.0 = Release|Win32
		{1937FC90-39A4-43CE-BEC0-A44876835145}.Debug|x64.ActiveCfg = Debug|x64
		{1937FC90-39A4-43CE-BEC0-A44876835145}.Debug|x64.Build.0 = Debug|x64
		{1937FC90-39A4-43CE-BEC0-A44876835145}.Debug|x86.ActiveCfg = Debug|Win32
		{1937FC90-39A4-43CE-BEC0-A44876835145}.Debug|x86.Build.0 = Debug|Win32
		{1937FC90-39A4-43CE-BEC0-A44876835145}.Release|x64.ActiveCfg = Release|x64
		{1937FC90-39A4-43CE-BEC0-A44876835145}.Release|x64.Build.0 = Release|x64
		{1937FC90-39A4-43CE-BEC0-A44876835145}.Release|x86.ActiveCfg = Release|Win32
		{1937FC90-39A4-43CE-BEC0-A44876835145}.Release|x86.Build.0 = Release|Win32
		{F4B185F0-B6F2-441D-B2AB-114F1346B59A}.Debug|x64.ActiveCfg = Debug|x64
		{F4B185F0-B6F2-441D-B2AB-114F1346B59A}.Debug|x64.Build.0 = Debug|x64
		{F4B185F0-B6F2-441D-B2AB-114F1346B59A}.Debug|x86.ActiveCfg = Debug|Win32
		{F4B185F0-B6F2-441D-B2AB-114F1346B59A}.Debug|x86.Build.0 = Debug|Win32
		{F4B185F0-B6F2-441D-B2AB-114F1346B59A}.Release|x64.ActiveCfg = Release|x64
		{F4B185F0-B6F2-441D-B2AB-114F1346B59A}.Release|x64.Build.0 = Release|x64
		{F4B185F0-B6F2-441D-B2AB-114F1346B59A}.Release|x86.ActiveCfg = Release|Win32
		{F4B185F0-B6F2-441D-B2AB-114F1346B59A}.Release|x86.Build.0 = Release|Win32
		{CA942BC9-DEF1-4B25-8E3D-16D7A783B603}.Debug|x64.ActiveCfg = Debug|x64
		{CA942BC9-DEF1-4B25-8E3D-16D7A783B603}.Debug|x64.Build.0 = Debug|x64
		{CA942BC9-DEF1-4B25-8E3D-16D7A783B603}.Debug|x86.ActiveCfg = Debug|Win32
		{CA942BC9-DEF1-4B25-8E3D-16D7A783B603}.Debug|x86.Build.0 = Debug|Win32
		{CA942BC9-DEF1-4B25-8E3D-16D7A783B603}.Release|x64.ActiveCfg = Release|x64
		{CA942BC9-DEF1-4B25-8E3D-16D7A783B603}.Release|x64.Build.0 = Release|x64
		{CA942BC9-DEF1-4B25-8E3D-16D7A783B603}.Release|x86.ActiveCfg = Release|Win32
		{CA942BC9-DEF1-4B25-8E3D-16D7A783B603}.Release|x86.Build.0 = Release|Win32
		{0BDAC0F7-A89B-4F95-98AF-41F2CFE036CC}.Debug|x64.ActiveCfg = Debug|x64
		{0BDAC0F7-A89B-4F95-98AF-41F2CFE036CC}.Debug|x64.Build.0 = Debug|x64
		{0BDAC0F7-A89B-4F95-98AF-41F2CFE036CC}.Debug|x86.ActiveCfg = Debug|Win32
		{0BDAC0F7-A89B-4F95-98AF-41F2CFE036CC}.Debug|x86.Build.0 = Debug|Win32
		{0BDAC0F7-A89B-4F95-98AF-41F2CFE036CC}.Release|x64.ActiveCfg = Release|x64
		{0BDAC0F7-A89B-4F95-98AF-41F2CFE036CC}.Release|x64.Build.0 = Release|x64
		{0BDAC0F7-A89B-4F95-98AF-41F2CFE036CC}.Release|x86.ActiveCfg = Release|Win32
		{0BDAC0F7-A89B-4F95-98AF-41F2CFE036CC}.Release|x86.Build.0 = Release|Win32
		{747FE7FB-422F-4EF9-9498-C5F3D04AC3BE}.Debug|x64.ActiveCfg = Debug|x64
		{747FE7FB-422F-4EF9-9498-C5F3D04AC3BE}.Debug|x64.Build.0 = Debug|x64
		{747FE7FB-422F-4EF9-9498-C5F3D04AC3BE}.Debug|x86.ActiveCfg = Debug|Win32
		{747FE7FB-422F-4EF9-9498-C5F3D04AC3BE}.Debug|x86.Build.0 = Debug|Win32
		{747FE7FB-422F-4EF9-9498-C5F3D04AC3BE}.Release|x64.ActiveCfg = Release|x64
		{747FE7FB-422F-4EF9-9498-C5F3D04AC3BE}.Release|x64.Build.0 = Release|x64
		{747FE7FB-422F-4EF9-9498-C5F3D04AC3BE}.Release|x86.ActiveCfg = Release|Win32
		{747FE7FB-422F-4EF9-9498-C5F3D04AC3BE}.Release|x86.Build.0 = Release|Win32
		{23383434-1288-48F8-B136-63E651071B32}.Debug|x64.ActiveCfg = Debug|x64
		{23383434-1288-48F8-B136-63E651071B32}.Debug|x64.Build.0 = Debug|x64
		{23383434-1288-48F8-B136-63E651071B32}.Debug|x86.ActiveCfg = Debug|Win32
		{23383434-1288-48F8-B136-63E651071B32}.Debug|x86.Build.0 = Debug|Win32
		{23383434-1288-48F8-B136-63E651071B32}.Release|x64.ActiveCfg = Release|x64
		{23383434-1288-48F8-B136-63E651071B32}.Release|x64.Build.0 = Release|x64
		{23383434-1288-48F8-B136-63E651071B32}.Release|x86.ActiveCfg = Release|Win32
		{23383434-1288-48F8-B136-63E651071B32}.Release|x86.Build.0 = Release|Win32
		{0197AF80-F63D-4984-8FCD-B53967635124}.Debug|x64.ActiveCfg = Debug|x64
		{0197AF80-F63D-4984-8FCD-B53967635124}.Debug|x64.Build.0 = Debug|x64
		{0197AF80-F63D-4984-8FCD-B53967635124}.Debug|x86.ActiveCfg = Debug|Win32
		{0197AF80-F63D-4984-8FCD-B53967635124}.Debug|x86.Build.0 = Debug|Win32
		{0197AF80-F63D-4984-8FCD-B53967635124}.Release|x64.ActiveCfg = Release|x64
		{0197AF80-F63D-4984-8FCD-B53967635124}.Release|x64.Build.0 = Release|x64
		{0197AF80-F63D-4984-8FCD-B53967635124}.Release|x86.ActiveCfg = Release|Win32
		{0197AF80-F63D-4984-8FCD-B53967635124}.Release|x86.Build.0 = Release|Win32
		{514054C0-20F8-4258-A9DA-6012D23EA18D}.Debug|x64.ActiveCfg = Debug|x64
		{514054C0-20F8-4258-A9DA-6012D23EA18D}.Debug|x64.Build.0 = Debug|x64
		{514054C0-20F8-4258-A9DA-6012D23EA18D}.Debug|x86.ActiveCfg = Debug|Win32
		{514054C0-20F8-4258-A9DA-6012D23EA18D}.Debug|x86.Build.0 = Debug|Win32
		{514054C0-20F8-4258-A9DA-6012D23EA18D}.Release|x64.ActiveCfg = Release|x64
		{514054C0-20F8-4258-A9DA-6012D23EA18D}.Release|x64.Build.0 = Release|x64
		{514054C0-20F8-4258-A9DA-6012D23EA18D}.Release|x86.ActiveCfg = Release|Win32
		{514054C0-20F8-4258-A9DA-6012D23EA18D}.Release|x86.Build.0 = Release|Win32
		{0F8FDA13-3FD7-4B2C-887F-CE3D352C4A49}.Debug|x64.ActiveCfg = Debug|x64
		{0F8FDA13-3FD7-4B2C-887F-CE3D352C4A49}.Debug|x64.Build.0 = Debug|x64
		{0F8FDA13-3FD7-4B2C-887F-CE3D352C4A49}.Debug|x86.ActiveCfg = Debug|Win32
		{0F8FDA13-3FD7-4B2C-887F-CE3D352C4A49}.Debug|x86.Build.0 = Debug|Win32
		{0F8FDA13-3FD7-4B2C-887F-CE3D352C4A49}.Release|x64.ActiveCfg = Release|x64
		{0F8FDA13-3FD7-4B2C-887F-CE3D352C4A49}.Release|x64.Build.0 = Release|x64
		{0F8FDA13-3FD7-4B2C-887F-CE3D352C4A49}.Release|x86.ActiveCfg = Release|Win32
		{0F8FDA13-3FD7-4B2C-887F-CE3D352C4A49}.Release|x86.Build.0 = Release|Win32
		{6C3ED60D-5E68-43CD-B39B-AC597368D42E}.Debug|x64.ActiveCfg = Debug|x64
		{6C3ED60D-5E68-43CD-B39B-AC597368D42E}.Debug|x64.Build.0 = Debug|x64
		{6C3ED60D-5E68-43CD-B39B-AC597368D42E}.Debug|x86.ActiveCfg = Debug|Win32
		{6C3ED60D-5E68-43CD-B39B-AC597368D42E}.Debug|x86.Build.0 = Debug|Win32
		{6C3ED60D-5E68-43CD-B39B-AC597368D42E}.Release|x64.ActiveCfg = Release|x64
		{6C3ED60D-5E68-43CD-B39B-AC597368D42E}.Release|x64.Build.0 = Release|x64
		{6C3ED60D-5E68-43CD-B39B-AC597368D42E}.Release|x86.ActiveCfg = Release|Win32
		{6C3ED60D-5E68-43CD-B39B-AC597368D42E}.Release|x86.Build.0 = Release|Win32
		{2001A59F-978C-4E5C-A2BD-11FA0A9776EE}.Debug|x64.ActiveCfg = Debug|x64
		{2001A59F-978C-4E5C-A2BD-11FA0A9776EE}.Debug|x64.Build.0 = Debug|x64
		{2001A59F-978C-4E5C-A2BD-11FA0A9776EE}.Debug|x86.ActiveCfg = Debug|Win32
		{2001A59F-978C-4E5C-A2BD-11FA0A9776EE}.Debug|x86.Build.0 = Debug|Win32
		{2001A59F-978C-4E5C-A2BD-11FA0A9776EE}.Release|x64.ActiveCfg = Release|x64
		{2001A59F-978C-4E5C-A2BD-11FA0A9776EE}.Release|x64.Build.0 = Release|x64
		{2001A59F-978C-4E5C-A2BD-11FA0A9776EE}.Release|x86.ActiveCfg = Release|Win32
		{2001A59F-978C-4E5C-A2BD-11FA0A9776EE}.Release|x86.Build.0 = Release|Win32
		{82C2D226-1468-4589-8ACF-7DB83524B4FD}.Debug|x64.ActiveCfg = Debug|x64
		{82C2D226-1468-4589-8ACF-7DB83524B4FD}.Debug|x64.Build.0 = Debug|x64
		{82C2D226-1468-4589-8ACF-7DB83524B4FD}.Debug|x86.ActiveCfg = Debug|Win32
		{82C2D226-1468-4589-8ACF-7DB83524B4FD}.Debug|x86.Build.0 = Debug|Win32
		{82C2D226-1468-4589-8ACF-7DB83524B4FD}.Release|x64.ActiveCfg = Release|x64
		{82C2D226-1468-4589-8ACF-7DB83524B4FD}.Release|x64.Build.0 = Release|x64
		{82C2D226-1468-4589-8ACF-7DB83524B4FD}.Release|x86.ActiveCfg = Release|Win32
		{82C2D226-1468-4589-8ACF-7DB83524B4FD}.Release|x86.Build.0 = Release|Win32
		{507590BC-1AC7-48FD-B8EA-2B8365B5B79E}.Debug|x64.ActiveCfg = Debug|x64
		{507590BC-1AC7-48FD-B8EA-2B8365B5B79E}.Debug|x64.Build.0 = Debug|x64
		{507590BC-1AC7-48FD-B8EA-2B8365B5B79E}.Debug|x86.ActiveCfg = Debug|Win32
		{507590BC-1AC7-48FD-B8EA-2B8365B5B79E}.Debug|x86.Build.0 = Debug|Win32
		{507590BC-1AC7-48FD-B8EA-2B8365B5B79E}.Release|x64.ActiveCfg = Release|x64
		{507590BC-1AC7-48FD-B8EA-2B8365B5B79E}.Release|x64.Build.0 = Release|x64
		{507590BC-1AC7-48FD-B8EA-2B8365B5B79E}.Release|x86.ActiveCfg = Release|Win32
		{507590BC-1AC7-48FD-B8EA-2B8365B5B79E}.Release|x86.Build.0 = Release|Win32
		{D3F80755-F6BD-4C63-8269-CEB84C446B71}.Debug|x64.ActiveCfg = Debug|x64
		{D3F80755-F6BD-4C63-8269-CEB84C446B71}.Debug|x64.Build.0 = Debug|x64
		{D3F80755-F6BD-4C63-8269-CEB84C446B71}.Debug|x86.ActiveCfg = Debug|Win32
		{D3F80755-F6BD-4C63-8269-CEB84C446B71}.Debug|x86.Build.0 = Debug|Win32
		{D3F80755-F6BD-4C63-8269-CEB84C446B71}.Release|x64.ActiveCfg = Release|x64
		{D3F80755-F6BD-4C63-8269-CEB84C446B71}.Release|x64.Build.0 = Release|x64
		{D3F80755-F6BD-4C63-8269-CEB84C446B71}.Release|x86.ActiveCfg = Release|Win32
		{D3F80755-F6BD-4C63-8269-CEB84C446B71}.Release|x86.Build.0 = Release|Win32
		{E32FACC9-D4A5-4059-AAB8-3FBA914BCBBB}.Debug|x64.ActiveCfg = Debug|x64
		{E32FACC9-D4A5-4059-AAB8-3FBA914BCBBB}.Debug|x64.Build.0 = Debug|x64
		{E32FACC9-D4A5-4059-AAB8-3FBA914BCBBB}.Debug|x86.ActiveCfg = Debug|Win32
		{E32FACC9-D4A5-4059-AAB8-3FBA914BCBBB}.Debug|x86.Build.0 = Debug|Win32
		{E32FACC9-D4A5-4059-AAB8-3FBA914BCBBB}.Release|x64.ActiveCfg = Release|x64
		{E32FACC9-D4A5-4059-AAB8-3FBA914BCBBB}.Release|x64.Build.0 = Release|x64
		{E32FACC9-D4A5-4059-AAB8-3FBA914BCBBB}.Release|x86.ActiveCfg = Release|Win32
		{E32FACC9-D4A5-4059-AAB8-3FBA914BCBBB}.Release|x86.Build.0 = Release|Win32
		{4975D593-3A1C-4502-8127-24650C8B1777}.Debug|x64.ActiveCfg = Debug|x64
		{4975D593-3A1C-4502-8127-24650C8B1777}.Debug|x64.Build.0 = Debug|x64
		{4975D593-3A1C-4502-8127-24650C8B1777}.Debug|x86.ActiveCfg = Debug|Win32
		{4975D593-3A1C-4502-8127-24650C8B1777}.Debug|x86.Build.0 = Debug|Win32
		{4975D593-3A1C-4502-8127-24650C8B1777}.Release|x64.ActiveCfg = Release|x64
		{4975D593-3A1C-4502-8127-24650C8B1777}.Release|x64.Build.0 = Release|x64
		{4975D593-3A1C-4502-8127-24650C8B1777}.Release|x86.ActiveCfg = Release|Win32
		{4975D593-3A1C-4502-8127-24650C8B1777}.Release|x86.Build.0 = Release|Win32
		{CE0248AD-236F-475A-9C43-F91D53C1F3FC}.Debug|x64.ActiveCfg = Debug|x64
		{CE0248AD-236F-475A-9C43-F91D53C1F3FC}.Debug|x64.Build.0 = Debug|x64
		{CE0248AD-236F-475A-9C43-F91D53C1F3FC}.Debug|x86.ActiveCfg = Debug|Win32
		{CE0248AD-236F-475A-9C43-F91D53C1F3FC}.Debug|x86.Build.0 = Debug|Win32
		{CE0248AD-236F-475A-9C43-F91D53C1F3FC}.Release|x64.ActiveCfg = Release|x64
		{CE0248AD-236F-475A-9C43-F91D53C1F3FC}.Release|x64.Build.0 = Release|x64
		{CE0248AD-236F-475A-9C43-F91D53C1F3FC}.Release|x86.ActiveCfg = Release|Win32
		{CE0248AD-236F-475A-9C43-F91D53C1F3FC}.Release|x86.Build.0 = Release|Win32
		{475F9850-41F6-452F-B0E9-8C5B914BCF31}.Debug|x64.ActiveCfg = Debug|x64
		{475F9850-41F6-452F-B0E9-8C5B914BCF31}.Debug|x64.Build.0 = Debug|x64
		{475F9850-41F6-452F-B0E9-8C5B914BCF31}.Debug|x86.ActiveCfg = Debug|Win32
		{475F9850-41F6-452F-B0E9-8C5B914BCF31}.Debug|x86.Build.0 = Debug|Win32
		{475F9850-41F6-452F-B0E9-8C5B914BCF31}.Release|x64.ActiveCfg = Release|x64
		{475F9850-41F6-452F-B0E9-8C5B914BCF31}.Release|x64.Build.0 = Release|x64
		{475F9850-41F6-452F-B0E9-8C5B914BCF31}.Release|x86.ActiveCfg = Release|Win32
		{475F9850-41F6-452F-B0E9-8C5B914BCF31}.Release|x86.Build.0 = Release|Win32
		{6664C0F7-3DD4-4B97-97F4-456C6D28D17C}.Debug|x64.ActiveCfg = Debug|x64
		{6664C0F7-3DD4-4B97-97F4-456C6D28D17C}.Debug|x64.Build.0 = Debug|x64
		{6664C0F7-3DD4-4B97-97F4-456C6D28D17C}.Debug|x86.ActiveCfg = Debug|Win32
		{6664C0F7-3DD4-4B97-97F4-456C6D28D17C}.Debug|x86.Build.0 = Debug|Win32
		{6664C0F7-3DD4-4B97-97F4-456C6D28D17C}.Release|x64.ActiveCfg = Release|x64
		{6664C0F7-3DD4-4B97-97F4-456C6D28D17C}.Release|x64.Build.0 = Release|x64
		{6664C0F7-3DD4-4B97-97F4-456C6D28D17C}.Release|x86.ActiveCfg = Release|Win32
		{6664C0F7-3DD4-4B97-97F4-456C6D28D17C}.Release|x86.Build.0 = Release|Win32
		{1ED3CBC8-783C-432F-B791-8A751C44B556}.Debug|x64.ActiveCfg = Debug|x64
		{1ED3CBC8-783C-432F-B791-8A751C44B556}.Debug|x64.Build.0 = Debug|x64
		{1ED3CBC8-783C-432F-B791-8A751C44B556}.Debug|x86.ActiveCfg = Debug|Win32
		{1ED3CBC8-783C-432F-B791-8A751C44B556}.Debug|x86.Build.0 = Debug|Win32
		{1ED3CBC8-783C-432F-B791-8A751C44B556}.Release|x64.ActiveCfg = Release|x64
		{1ED3CBC8-783C-432F-B791-8A751C44B556}.Release|x64.Build.0 = Release|x64
		{1ED3CBC8-783C-432F-B791-8A751C44B556}.Release|x86.ActiveCfg = Release|Win32
		{1ED3CBC8-783C-432F-B791-8A751C44B556}.Release|x86.Build.0 = Release|Win32
		{F3DA1B31-B4BA-46F4-9582-FD1EB1D00A51}.Debug|x64.ActiveCfg = Debug|x64
		{F3DA1B31-B4BA-46F4-9582-FD1EB1D00A51}.Debug|x64.Build.0 = Debug|x64
		{F3DA1B31-B4BA-46F4-9582-FD1EB1D00A51}.Debug|x86.ActiveCfg = Debug|Win32
		{F3DA1B31-B4BA-46F4-9582-FD1EB1D00A51}.Debug|x86.Build.0 = Debug|Win32
		{F3DA1B31-B4BA-46F4-9582-FD1EB1D00A51}.Release|x64.ActiveCfg = Release|x64
		{F3DA1B31-B4BA-46F4-9582-FD1EB1D00A51}.Release|x64.Build.0 = Release|x64
		{F3DA1B31-B4BA-46F4-9582-FD1EB1D00A51}.Release|x86.ActiveCfg = Release|Win32
		{F3DA1B31-B4BA-46F4-9582-FD1EB1D00A51}.Release|x86.Build.0 = Release|Win32
		{20C53FC4-0C6B-4414-986D-4A7838446FB5}.Debug|x64.ActiveCfg = Debug|x64
		{20C53FC4-0C6B-4414-986D-4A7838446FB5}.Debug|x64.Build.0 = Debug|x64
		{20C53FC4-0C6B-4414-986D-4A7838446FB5}.Debug|x86.ActiveCfg = Debug|Win32
		{20C53FC4-0C6B-4414-986D-4A7838446FB5}.Debug|x86.Build.0 = Debug|Win32
		{20C53FC4-0C6B-4414-986D-4A7838446FB5}.Release|x64.ActiveCfg = Release|x64
		{20C53FC4-0C6B-4414-986D-4A7838446FB5}.Release|x64.Build.0 = Release|x64
		{20C53FC4-0C6B-4414-986D-4A7838446FB5}.Release|x86.ActiveCfg = Release|Win32
		{20C53FC4-0C6B-4414-986D-4A7838446FB5}.Release|x86.Build.0 = Release|Win32
		{B093BAF0-3402-44FC-B29B-96436C3F6BFA}.Debug|x64.ActiveCfg = Debug|x64
		{B093BAF0-3402-44FC-B29B-96436C3F6BFA}.Debug|x64.Build.0 = Debug|x64
		{B093BAF0-3402-44FC-B29B-96436C3F6BFA}.Debug|x86.ActiveCfg = Debug|Win32
		{B093BAF0-3402-44FC-B29B-96436C3F6BFA}.Debug|x86.Build.0 = Debug|Win32
		{B093BAF0-3402-44FC-B29B-96436C3F6BFA}.Release|x64.ActiveCfg = Release|x64
		{B093BAF0-3402-44FC-B29B-96436C3F6BFA}.Release|x64.Build.0 = Release|x64
		{B093BAF0-3402-44FC-B29B-96436C3F6BFA}.Release|x86.ActiveCfg = Release|Win32
		{B093BAF0-3402-44FC-B29B-96436C3F6BFA}.Release|x86.Build.0 = Release|Win32
	EndGlobalSection
	GlobalSection(SolutionProperties) = preSolution
		HideSolutionNode = FALSE
	EndGlobalSection
	GlobalSection(ExtensibilityGlobals) = postSolution
		SolutionGuid = {1C7050DE-F7DE-4FEA-96EA-CDC7BACF3C60}
	EndGlobalSection
EndGlobal
